
Microsoft Visual Studio Solution File, Format Version 12.00
# Visual Studio Version 17
VisualStudioVersion = 17.7.34221.43
MinimumVisualStudioVersion = 10.0.40219.1
Project("{FAE04EC0-301F-11D3-BF4B-00C04F79EFBC}") = "Tacho-Projekt", "Tacho-Projekt.csproj", "{C45D9B49-4886-474A-AEF3-3455AAF4855B}"
EndProject
Global
	GlobalSection(SolutionConfigurationPlatforms) = preSolution
		Debug|Any CPU = Debug|Any CPU
		Release|Any CPU = Release|Any CPU
	EndGlobalSection
	GlobalSection(ProjectConfigurationPlatforms) = postSolution
		{C45D9B49-4886-474A-AEF3-3455AAF4855B}.Debug|Any CPU.ActiveCfg = Debug|Any CPU
		{C45D9B49-4886-474A-AEF3-3455AAF4855B}.Debug|Any CPU.Build.0 = Debug|Any CPU
		{C45D9B49-4886-474A-AEF3-3455AAF4855B}.Release|Any CPU.ActiveCfg = Release|Any CPU
		{C45D9B49-4886-474A-AEF3-3455AAF4855B}.Release|Any CPU.Build.0 = Release|Any CPU
	EndGlobalSection
	GlobalSection(SolutionProperties) = preSolution
		HideSolutionNode = FALSE
	EndGlobalSection
	GlobalSection(ExtensibilityGlobals) = postSolution
		SolutionGuid = {ABC2E601-0AAD-485F-8ED8-63CC280F6582}
	EndGlobalSection
EndGlobal
